{"1.2.0",
[{<<"base16">>,{pkg,<<"base16">>,<<"1.0.0">>},1},
 {<<"certifi">>,{pkg,<<"certifi">>,<<"2.5.2">>},2},
 {<<"cowboy">>,
  {git,"https://github.com/extend/cowboy.git",
       {ref,"dbb636034f20736e16eb9d6c809217c9525b6cbd"}},
  0},
 {<<"cowlib">>,
  {git,"https://github.com/ninenines/cowlib",
       {ref,"6e6c534753943c9f5ffc7332d7f36116a01dd4e4"}},
  1},
 {<<"eini">>,{pkg,<<"eini">>,<<"1.2.7">>},1},
 {<<"eredis">>,
  {git,"https://github.com/MiniclipPortugal/eredis.git",
       {ref,"c3a4ea3bbb3a53466188ca85b7c31b3ad2edd2e0"}},
  0},
 {<<"erlcloud">>,
  {git,"https://github.com/erlcloud/erlcloud.git",
       {ref,"59139786636d6d15c4e9b114981c6fec89e3d445"}},
  0},
 {<<"erlydtl">>,
  {git,"https://github.com/erlydtl/erlydtl.git",
       {ref,"cec398dc9df62298324ee5e3cbbd88ca9995b86b"}},
  0},
 {<<"goldrush">>,
  {git,"https://github.com/basho/goldrush.git",
       {ref,"8f1b715d36b650ec1e1f5612c00e28af6ab0de82"}},
  1},
 {<<"jsx">>,
  {git,"https://github.com/talentdeficit/jsx.git",
       {ref,"aaf915e173d0ea7e1201c0edd4930dc6c3cd179d"}},
  0},
 {<<"lager">>,
  {git,"https://github.com/basho/lager.git",
       {ref,"81eaef0ce98fdbf64ab95665e3bc2ec4b24c7dac"}},
  0},
 {<<"lhttpc">>,{pkg,<<"lhttpc">>,<<"1.6.2">>},1},
 {<<"parse_trans">>,{pkg,<<"parse_trans">>,<<"3.3.0">>},2},
 {<<"ranch">>,
  {git,"https://github.com/ninenines/ranch",
       {ref,"741bfb73ca663394ecf7a73410506d66f01985a6"}},
  1},
 {<<"recon">>,
  {git,"https://github.com/ferd/recon.git",
       {ref,"fcc1a7db6d367234171ab24a3d1762f94e57ff22"}},
  0},
 {<<"ssl_verify_fun">>,{pkg,<<"ssl_verify_fun">>,<<"1.1.6">>},2},
 {<<"stacktrace_compat">>,
  {git,"https://github.com/g-andrade/stacktrace_compat.git",
       {ref,"7c8d48f18f2474ba26546b65a63bd15c97fdc59a"}},
  1},
 {<<"tls_certificate_check">>,{pkg,<<"tls_certificate_check">>,<<"1.0.1">>},1},
 {<<"uuid">>,
  {git,"https://github.com/MiniclipPortugal/erlang-uuid.git",
       {ref,"83ab92dd06cf8b08370faf478a42ad7bcbc3908a"}},
  0}]}.
[
{pkg_hash,[
 {<<"base16">>, <<"283644E2B21BD5915ACB7178BED7851FB07C6E5749B8FAD68A53C501092176D9">>},
 {<<"certifi">>, <<"B7CFEAE9D2ED395695DD8201C57A2D019C0C43ECAF8B8BCB9320B40D6662F340">>},
 {<<"eini">>, <<"EFC9D836E88591A47550BD34CE964E21CA1369F8716B24F73CFEA513FA99F666">>},
 {<<"lhttpc">>, <<"044F16F0018C7AA7E945E9E9406C7F6035E0B8BC08BF77B00C78CE260E1071E3">>},
 {<<"parse_trans">>, <<"09765507A3C7590A784615CFD421D101AEC25098D50B89D7AA1D66646BC571C1">>},
 {<<"ssl_verify_fun">>, <<"CF344F5692C82D2CD7554F5EC8FD961548D4FD09E7D22F5B62482E5AEAEBD4B0">>},
 {<<"tls_certificate_check">>, <<"915600D319BFACBEFA89CF368553E5E672301F0A5482C1A5CAE3928CA5FD299C">>}]},
{pkg_hash_ext,[
 {<<"base16">>, <<"02AFD0827E61A7B07093873E063575CA3A2B07520567C7F8CEC7C5D42F052D76">>},
 {<<"certifi">>, <<"3B3B5F36493004AC3455966991EAF6E768CE9884693D9968055AEEEB1E575040">>},
 {<<"eini">>, <<"CD604597DCDB8AD76CCBAAF8C303EF94136729BA4AD6ABC88A4AB800E6D8E99A">>},
 {<<"lhttpc">>, <<"76B5FA6149D1E10D4B1FBC4EBD51D371DB19C1AB9F0A9ECF5B526440DF064E97">>},
 {<<"parse_trans">>, <<"17EF63ABDE837AD30680EA7F857DD9E7CED9476CDD7B0394432AF4BFC241B960">>},
 {<<"ssl_verify_fun">>, <<"BDB0D2471F453C88FF3908E7686F86F9BE327D065CC1EC16FA4540197EA04680">>},
 {<<"tls_certificate_check">>, <<"A4803666CB83E6E95DC60EEB460560BFDD11BEB642FEA3F81E77319ED516D21D">>}]}
].
